<?xml version="1.0" encoding="utf-8"?>
<Project ToolsVersion="4.0" xmlns="http://schemas.microsoft.com/developer/msbuild/2003">
  <ItemGroup>
    <Filter Include="Source Files">
      <UniqueIdentifier>{4FC737F1-C7A5-4376-A066-2A32D752A2FF}</UniqueIdentifier>
      <Extensions>cpp;c;cc;cxx;def;odl;idl;hpj;bat;asm;asmx</Extensions>
    </Filter>
    <Filter Include="Header Files">
      <UniqueIdentifier>{93995380-89BD-4b04-88EB-625FBE52EBFB}</UniqueIdentifier>
      <Extensions>h;hpp;hxx;hm;inl;inc;xsd</Extensions>
    </Filter>
  </ItemGroup>
  <ItemGroup>
    <ClCompile Include="API\JSBase.cpp">
      <Filter>Source Files</Filter>
    </ClCompile>
    <ClCompile Include="API\JSCallbackConstructor.cpp">
      <Filter>Source Files</Filter>
    </ClCompile>
    <ClCompile Include="API\JSCallbackFunction.cpp">
      <Filter>Source Files</Filter>
    </ClCompile>
    <ClCompile Include="API\JSCallbackObject.cpp">
      <Filter>Source Files</Filter>
    </ClCompile>
    <ClCompile Include="API\JSClassRef.cpp">
      <Filter>Source Files</Filter>
    </ClCompile>
    <ClCompile Include="API\JSContextRef.cpp">
      <Filter>Source Files</Filter>
    </ClCompile>
    <ClCompile Include="API\JSObjectRef.cpp">
      <Filter>Source Files</Filter>
    </ClCompile>
    <ClCompile Include="API\JSStringRef.cpp">
      <Filter>Source Files</Filter>
    </ClCompile>
    <ClCompile Include="API\JSValueRef.cpp">
      <Filter>Source Files</Filter>
    </ClCompile>
    <ClCompile Include="API\OpaqueJSString.cpp">
      <Filter>Source Files</Filter>
    </ClCompile>
    <ClCompile Include="bytecode\CodeBlock.cpp">
      <Filter>Source Files</Filter>
    </ClCompile>
    <ClCompile Include="bytecode\JumpTable.cpp">
      <Filter>Source Files</Filter>
    </ClCompile>
    <ClCompile Include="bytecode\Opcode.cpp">
      <Filter>Source Files</Filter>
    </ClCompile>
    <ClCompile Include="bytecode\SamplingTool.cpp">
      <Filter>Source Files</Filter>
    </ClCompile>
    <ClCompile Include="bytecode\StructureStubInfo.cpp">
      <Filter>Source Files</Filter>
    </ClCompile>
    <ClCompile Include="bytecompiler\NodesCodegen.cpp">
      <Filter>Source Files</Filter>
    </ClCompile>
    <ClCompile Include="bytecompiler\BytecodeGenerator.cpp">
      <Filter>Source Files</Filter>
    </ClCompile>
    <ClCompile Include="debugger\Debugger.cpp">
      <Filter>Source Files</Filter>
    </ClCompile>
    <ClCompile Include="debugger\DebuggerActivation.cpp">
      <Filter>Source Files</Filter>
    </ClCompile>
    <ClCompile Include="debugger\DebuggerCallFrame.cpp">
      <Filter>Source Files</Filter>
    </ClCompile>
    <ClCompile Include="interpreter\CallFrame.cpp">
      <Filter>Source Files</Filter>
    </ClCompile>
    <ClCompile Include="interpreter\Interpreter.cpp">
      <Filter>Source Files</Filter>
    </ClCompile>
    <ClCompile Include="interpreter\RegisterFile.cpp">
      <Filter>Source Files</Filter>
    </ClCompile>
    <ClCompile Include="jit\JITArithmetic32_64.cpp">
      <Filter>Source Files</Filter>
    </ClCompile>
    <ClCompile Include="jit\JITCall.cpp">
      <Filter>Source Files</Filter>
    </ClCompile>
    <ClCompile Include="jit\JITCall32_64.cpp">
      <Filter>Source Files</Filter>
    </ClCompile>
    <ClCompile Include="jit\JITOpcodes.cpp">
      <Filter>Source Files</Filter>
    </ClCompile>
    <ClCompile Include="jit\JITOpcodes32_64.cpp">
      <Filter>Source Files</Filter>
    </ClCompile>
    <ClCompile Include="jit\JITPropertyAccess.cpp">
      <Filter>Source Files</Filter>
    </ClCompile>
    <ClCompile Include="jit\JITPropertyAccess32_64.cpp">
      <Filter>Source Files</Filter>
    </ClCompile>
    <ClCompile Include="jit\JITStubs.cpp">
      <Filter>Source Files</Filter>
    </ClCompile>
    <ClCompile Include="jit\ThunkGenerators.cpp">
      <Filter>Source Files</Filter>
    </ClCompile>
    <ClCompile Include="jit\ExecutableAllocator.cpp">
      <Filter>Source Files</Filter>
    </ClCompile>
    <ClCompile Include="jit\ExecutableAllocatorFixedVMPool.cpp">
      <Filter>Source Files</Filter>
    </ClCompile>
    <ClCompile Include="jit\ExecutableAllocatorWii.cpp">
      <Filter>Source Files</Filter>
    </ClCompile>
    <ClCompile Include="jit\ExecutableAllocatorWin.cpp">
      <Filter>Source Files</Filter>
    </ClCompile>
    <ClCompile Include="jit\JIT.cpp">
      <Filter>Source Files</Filter>
    </ClCompile>
    <ClCompile Include="jit\JITArithmetic.cpp">
      <Filter>Source Files</Filter>
    </ClCompile>
    <ClCompile Include="parser\Lexer.cpp">
      <Filter>Source Files</Filter>
    </ClCompile>
    <ClCompile Include="parser\Nodes.cpp">
      <Filter>Source Files</Filter>
    </ClCompile>
    <ClCompile Include="parser\Parser.cpp">
      <Filter>Source Files</Filter>
    </ClCompile>
    <ClCompile Include="parser\ParserArena.cpp">
      <Filter>Source Files</Filter>
    </ClCompile>
    <ClCompile Include="parser\JSParser.cpp">
      <Filter>Source Files</Filter>
    </ClCompile>
    <ClCompile Include="pcre\pcre_compile.cpp">
      <Filter>Source Files</Filter>
    </ClCompile>
    <ClCompile Include="pcre\pcre_exec.cpp">
      <Filter>Source Files</Filter>
    </ClCompile>
    <ClCompile Include="pcre\pcre_tables.cpp">
      <Filter>Source Files</Filter>
    </ClCompile>
    <ClCompile Include="pcre\pcre_ucp_searchfuncs.cpp">
      <Filter>Source Files</Filter>
    </ClCompile>
    <ClCompile Include="pcre\pcre_xclass.cpp">
      <Filter>Source Files</Filter>
    </ClCompile>
    <ClCompile Include="profiler\Profile.cpp">
      <Filter>Source Files</Filter>
    </ClCompile>
    <ClCompile Include="profiler\ProfileGenerator.cpp">
      <Filter>Source Files</Filter>
    </ClCompile>
    <ClCompile Include="profiler\ProfileNode.cpp">
      <Filter>Source Files</Filter>
    </ClCompile>
    <ClCompile Include="profiler\Profiler.cpp">
      <Filter>Source Files</Filter>
    </ClCompile>
    <ClCompile Include="runtime\UString.cpp">
      <Filter>Source Files</Filter>
    </ClCompile>
    <ClCompile Include="runtime\ArgList.cpp">
      <Filter>Source Files</Filter>
    </ClCompile>
    <ClCompile Include="runtime\Arguments.cpp">
      <Filter>Source Files</Filter>
    </ClCompile>
    <ClCompile Include="runtime\ArrayConstructor.cpp">
      <Filter>Source Files</Filter>
    </ClCompile>
    <ClCompile Include="runtime\ArrayPrototype.cpp">
      <Filter>Source Files</Filter>
    </ClCompile>
    <ClCompile Include="runtime\BooleanConstructor.cpp">
      <Filter>Source Files</Filter>
    </ClCompile>
    <ClCompile Include="runtime\BooleanObject.cpp">
      <Filter>Source Files</Filter>
    </ClCompile>
    <ClCompile Include="runtime\BooleanPrototype.cpp">
      <Filter>Source Files</Filter>
    </ClCompile>
    <ClCompile Include="runtime\CallData.cpp">
      <Filter>Source Files</Filter>
    </ClCompile>
    <ClCompile Include="runtime\Collector.cpp">
      <Filter>Source Files</Filter>
    </ClCompile>
    <ClCompile Include="runtime\CommonIdentifiers.cpp">
      <Filter>Source Files</Filter>
    </ClCompile>
    <ClCompile Include="runtime\Completion.cpp">
      <Filter>Source Files</Filter>
    </ClCompile>
    <ClCompile Include="runtime\ConstructData.cpp">
      <Filter>Source Files</Filter>
    </ClCompile>
    <ClCompile Include="runtime\DateConstructor.cpp">
      <Filter>Source Files</Filter>
    </ClCompile>
    <ClCompile Include="runtime\DateConversion.cpp">
      <Filter>Source Files</Filter>
    </ClCompile>
    <ClCompile Include="runtime\DateInstance.cpp">
      <Filter>Source Files</Filter>
    </ClCompile>
    <ClCompile Include="runtime\DatePrototype.cpp">
      <Filter>Source Files</Filter>
    </ClCompile>
    <ClCompile Include="runtime\Error.cpp">
      <Filter>Source Files</Filter>
    </ClCompile>
    <ClCompile Include="runtime\ErrorConstructor.cpp">
      <Filter>Source Files</Filter>
    </ClCompile>
    <ClCompile Include="runtime\ErrorInstance.cpp">
      <Filter>Source Files</Filter>
    </ClCompile>
    <ClCompile Include="runtime\ErrorPrototype.cpp">
      <Filter>Source Files</Filter>
    </ClCompile>
    <ClCompile Include="runtime\ExceptionHelpers.cpp">
      <Filter>Source Files</Filter>
    </ClCompile>
    <ClCompile Include="runtime\Executable.cpp">
      <Filter>Source Files</Filter>
    </ClCompile>
    <ClCompile Include="runtime\FunctionConstructor.cpp">
      <Filter>Source Files</Filter>
    </ClCompile>
    <ClCompile Include="runtime\FunctionPrototype.cpp">
      <Filter>Source Files</Filter>
    </ClCompile>
    <ClCompile Include="runtime\GetterSetter.cpp">
      <Filter>Source Files</Filter>
    </ClCompile>
    <ClCompile Include="runtime\GlobalEvalFunction.cpp">
      <Filter>Source Files</Filter>
    </ClCompile>
    <ClCompile Include="runtime\Identifier.cpp">
      <Filter>Source Files</Filter>
    </ClCompile>
    <ClCompile Include="runtime\InitializeThreading.cpp">
      <Filter>Source Files</Filter>
    </ClCompile>
    <ClCompile Include="runtime\InternalFunction.cpp">
      <Filter>Source Files</Filter>
    </ClCompile>
    <ClCompile Include="runtime\JSActivation.cpp">
      <Filter>Source Files</Filter>
    </ClCompile>
    <ClCompile Include="runtime\JSArray.cpp">
      <Filter>Source Files</Filter>
    </ClCompile>
    <ClCompile Include="runtime\JSByteArray.cpp">
      <Filter>Source Files</Filter>
    </ClCompile>
    <ClCompile Include="runtime\JSCell.cpp">
      <Filter>Source Files</Filter>
    </ClCompile>
    <ClCompile Include="runtime\JSFunction.cpp">
      <Filter>Source Files</Filter>
    </ClCompile>
    <ClCompile Include="runtime\JSGlobalData.cpp">
      <Filter>Source Files</Filter>
    </ClCompile>
    <ClCompile Include="runtime\JSGlobalObject.cpp">
      <Filter>Source Files</Filter>
    </ClCompile>
    <ClCompile Include="runtime\JSGlobalObjectFunctions.cpp">
      <Filter>Source Files</Filter>
    </ClCompile>
    <ClCompile Include="runtime\JSImmediate.cpp">
      <Filter>Source Files</Filter>
    </ClCompile>
    <ClCompile Include="runtime\JSLock.cpp">
      <Filter>Source Files</Filter>
    </ClCompile>
    <ClCompile Include="runtime\JSNotAnObject.cpp">
      <Filter>Source Files</Filter>
    </ClCompile>
    <ClCompile Include="runtime\JSNumberCell.cpp">
      <Filter>Source Files</Filter>
    </ClCompile>
    <ClCompile Include="runtime\JSObject.cpp">
      <Filter>Source Files</Filter>
    </ClCompile>
    <ClCompile Include="runtime\JSObjectWithGlobalObject.cpp">
      <Filter>Source Files</Filter>
    </ClCompile>
    <ClCompile Include="runtime\JSONObject.cpp">
      <Filter>Source Files</Filter>
    </ClCompile>
    <ClCompile Include="runtime\JSPropertyNameIterator.cpp">
      <Filter>Source Files</Filter>
    </ClCompile>
    <ClCompile Include="runtime\JSStaticScopeObject.cpp">
      <Filter>Source Files</Filter>
    </ClCompile>
    <ClCompile Include="runtime\JSString.cpp">
      <Filter>Source Files</Filter>
    </ClCompile>
    <ClCompile Include="runtime\JSValue.cpp">
      <Filter>Source Files</Filter>
    </ClCompile>
    <ClCompile Include="runtime\JSVariableObject.cpp">
      <Filter>Source Files</Filter>
    </ClCompile>
    <ClCompile Include="runtime\LiteralParser.cpp">
      <Filter>Source Files</Filter>
    </ClCompile>
    <ClCompile Include="runtime\Lookup.cpp">
      <Filter>Source Files</Filter>
    </ClCompile>
    <ClCompile Include="runtime\MarkStack.cpp">
      <Filter>Source Files</Filter>
    </ClCompile>
    <ClCompile Include="runtime\MarkStackNone.cpp">
      <Filter>Source Files</Filter>
    </ClCompile>
    <ClCompile Include="runtime\MarkStackWin.cpp">
      <Filter>Source Files</Filter>
    </ClCompile>
    <ClCompile Include="runtime\MathObject.cpp">
      <Filter>Source Files</Filter>
    </ClCompile>
    <ClCompile Include="runtime\NativeErrorConstructor.cpp">
      <Filter>Source Files</Filter>
    </ClCompile>
    <ClCompile Include="runtime\NativeErrorPrototype.cpp">
      <Filter>Source Files</Filter>
    </ClCompile>
    <ClCompile Include="runtime\NumberConstructor.cpp">
      <Filter>Source Files</Filter>
    </ClCompile>
    <ClCompile Include="runtime\NumberObject.cpp">
      <Filter>Source Files</Filter>
    </ClCompile>
    <ClCompile Include="runtime\ObjectConstructor.cpp">
      <Filter>Source Files</Filter>
    </ClCompile>
    <ClCompile Include="runtime\ObjectPrototype.cpp">
      <Filter>Source Files</Filter>
    </ClCompile>
    <ClCompile Include="runtime\Operations.cpp">
      <Filter>Source Files</Filter>
    </ClCompile>
    <ClCompile Include="runtime\PropertyDescriptor.cpp">
      <Filter>Source Files</Filter>
    </ClCompile>
    <ClCompile Include="runtime\PropertyNameArray.cpp">
      <Filter>Source Files</Filter>
    </ClCompile>
    <ClCompile Include="runtime\PropertySlot.cpp">
      <Filter>Source Files</Filter>
    </ClCompile>
    <ClCompile Include="runtime\PrototypeFunction.cpp">
      <Filter>Source Files</Filter>
    </ClCompile>
    <ClCompile Include="runtime\RegExp.cpp">
      <Filter>Source Files</Filter>
    </ClCompile>
    <ClCompile Include="runtime\RegExpCache.cpp">
      <Filter>Source Files</Filter>
    </ClCompile>
    <ClCompile Include="runtime\RegExpConstructor.cpp">
      <Filter>Source Files</Filter>
    </ClCompile>
    <ClCompile Include="runtime\RegExpObject.cpp">
      <Filter>Source Files</Filter>
    </ClCompile>
    <ClCompile Include="runtime\RegExpPrototype.cpp">
      <Filter>Source Files</Filter>
    </ClCompile>
    <ClCompile Include="runtime\RopeImpl.cpp">
      <Filter>Source Files</Filter>
    </ClCompile>
    <ClCompile Include="runtime\ScopeChain.cpp">
      <Filter>Source Files</Filter>
    </ClCompile>
    <ClCompile Include="runtime\SmallStrings.cpp">
      <Filter>Source Files</Filter>
    </ClCompile>
    <ClCompile Include="runtime\StringConstructor.cpp">
      <Filter>Source Files</Filter>
    </ClCompile>
    <ClCompile Include="runtime\StringObject.cpp">
      <Filter>Source Files</Filter>
    </ClCompile>
    <ClCompile Include="runtime\StringPrototype.cpp">
      <Filter>Source Files</Filter>
    </ClCompile>
    <ClCompile Include="runtime\Structure.cpp">
      <Filter>Source Files</Filter>
    </ClCompile>
    <ClCompile Include="runtime\StructureChain.cpp">
      <Filter>Source Files</Filter>
    </ClCompile>
    <ClCompile Include="runtime\TimeoutChecker.cpp">
      <Filter>Source Files</Filter>
    </ClCompile>
    <ClCompile Include="wtf\SizeLimits.cpp">
      <Filter>Source Files</Filter>
    </ClCompile>
    <ClCompile Include="wtf\Assertions.cpp">
      <Filter>Source Files</Filter>
    </ClCompile>
    <ClCompile Include="wtf\ByteArray.cpp">
      <Filter>Source Files</Filter>
    </ClCompile>
    <ClCompile Include="wtf\CurrentTime.cpp">
      <Filter>Source Files</Filter>
    </ClCompile>
    <ClCompile Include="wtf\DateMath.cpp">
      <Filter>Source Files</Filter>
    </ClCompile>
    <ClCompile Include="wtf\dtoa.cpp">
      <Filter>Source Files</Filter>
    </ClCompile>
    <ClCompile Include="wtf\FastMalloc.cpp">
      <Filter>Source Files</Filter>
    </ClCompile>
    <ClCompile Include="wtf\HashTable.cpp">
      <Filter>Source Files</Filter>
    </ClCompile>
    <ClCompile Include="wtf\MainThread.cpp">
      <Filter>Source Files</Filter>
    </ClCompile>
    <ClCompile Include="wtf\MD5.cpp">
      <Filter>Source Files</Filter>
    </ClCompile>
    <ClCompile Include="wtf\RandomNumber.cpp">
      <Filter>Source Files</Filter>
    </ClCompile>
    <ClCompile Include="wtf\RefCountedLeakCounter.cpp">
      <Filter>Source Files</Filter>
    </ClCompile>
    <ClCompile Include="wtf\text\StringBuilder.cpp">
      <Filter>Source Files</Filter>
    </ClCompile>
    <ClCompile Include="wtf\text\StringImpl.cpp">
      <Filter>Source Files</Filter>
    </ClCompile>
    <ClCompile Include="wtf\text\StringStatics.cpp">
      <Filter>Source Files</Filter>
    </ClCompile>
    <ClCompile Include="wtf\text\WTFString.cpp">
      <Filter>Source Files</Filter>
    </ClCompile>
    <ClCompile Include="wtf\text\AtomicString.cpp">
      <Filter>Source Files</Filter>
    </ClCompile>
    <ClCompile Include="wtf\text\CString.cpp">
      <Filter>Source Files</Filter>
    </ClCompile>
    <ClCompile Include="wtf\ThreadIdentifierDataPthreads.cpp">
      <Filter>Source Files</Filter>
    </ClCompile>
    <ClCompile Include="wtf\Threading.cpp">
      <Filter>Source Files</Filter>
    </ClCompile>
    <ClCompile Include="wtf\ThreadingPthreads.cpp">
      <Filter>Source Files</Filter>
    </ClCompile>
    <ClCompile Include="wtf\ThreadingWin.cpp">
      <Filter>Source Files</Filter>
    </ClCompile>
    <ClCompile Include="wtf\ThreadSpecificWin.cpp">
      <Filter>Source Files</Filter>
    </ClCompile>
    <ClCompile Include="wtf\TypeTraits.cpp">
      <Filter>Source Files</Filter>
    </ClCompile>
    <ClCompile Include="wtf\WTFThreadData.cpp">
      <Filter>Source Files</Filter>
    </ClCompile>
    <ClCompile Include="wtf\unicode\CollatorDefault.cpp">
      <Filter>Source Files</Filter>
    </ClCompile>
    <ClCompile Include="wtf\unicode\UTF8.cpp">
      <Filter>Source Files</Filter>
    </ClCompile>
    <ClCompile Include="wtf\unicode\icu\CollatorICU.cpp">
      <Filter>Source Files</Filter>
    </ClCompile>
    <ClCompile Include="wtf\win\MainThreadWin.cpp">
      <Filter>Source Files</Filter>
    </ClCompile>
    <ClCompile Include="wtf\win\OwnPtrWin.cpp">
      <Filter>Source Files</Filter>
    </ClCompile>
    <ClCompile Include="runtime\JSStringJoiner.cpp">
      <Filter>Source Files</Filter>
    </ClCompile>
  </ItemGroup>
  <ItemGroup>
    <ClInclude Include="API\JSBase.h">
      <Filter>Header Files</Filter>
    </ClInclude>
    <ClInclude Include="API\JSCallbackConstructor.h">
      <Filter>Header Files</Filter>
    </ClInclude>
    <ClInclude Include="API\JSCallbackFunction.h">
      <Filter>Header Files</Filter>
    </ClInclude>
    <ClInclude Include="API\JSCallbackObject.h">
      <Filter>Header Files</Filter>
    </ClInclude>
    <ClInclude Include="API\OpaqueJSString.h">
      <Filter>Header Files</Filter>
    </ClInclude>
    <ClInclude Include="API\JSClassRef.h">
      <Filter>Header Files</Filter>
    </ClInclude>
    <ClInclude Include="API\JSContextRef.h">
      <Filter>Header Files</Filter>
    </ClInclude>
    <ClInclude Include="API\JSObjectRef.h">
      <Filter>Header Files</Filter>
    </ClInclude>
    <ClInclude Include="API\JSStringRef.h">
      <Filter>Header Files</Filter>
    </ClInclude>
    <ClInclude Include="API\JSValueRef.h">
      <Filter>Header Files</Filter>
    </ClInclude>
    <ClInclude Include="bytecode\CodeBlock.h">
      <Filter>Header Files</Filter>
    </ClInclude>
    <ClInclude Include="bytecode\JumpTable.h">
      <Filter>Header Files</Filter>
    </ClInclude>
    <ClInclude Include="bytecode\Opcode.h">
      <Filter>Header Files</Filter>
    </ClInclude>
    <ClInclude Include="bytecode\SamplingTool.h">
      <Filter>Header Files</Filter>
    </ClInclude>
    <ClInclude Include="bytecode\StructureStubInfo.h">
      <Filter>Header Files</Filter>
    </ClInclude>
    <ClInclude Include="bytecompiler\BytecodeGenerator.h">
      <Filter>Header Files</Filter>
    </ClInclude>
    <ClInclude Include="debugger\Debugger.h">
      <Filter>Header Files</Filter>
    </ClInclude>
    <ClInclude Include="debugger\DebuggerActivation.h">
      <Filter>Header Files</Filter>
    </ClInclude>
    <ClInclude Include="debugger\DebuggerCallFrame.h">
      <Filter>Header Files</Filter>
    </ClInclude>
    <ClInclude Include="interpreter\CallFrame.h">
      <Filter>Header Files</Filter>
    </ClInclude>
    <ClInclude Include="interpreter\Interpreter.h">
      <Filter>Header Files</Filter>
    </ClInclude>
    <ClInclude Include="interpreter\RegisterFile.h">
      <Filter>Header Files</Filter>
    </ClInclude>
    <ClInclude Include="jit\JITStubs.h">
      <Filter>Header Files</Filter>
    </ClInclude>
    <ClInclude Include="jit\ThunkGenerators.h">
      <Filter>Header Files</Filter>
    </ClInclude>
    <ClInclude Include="jit\ExecutableAllocator.h">
      <Filter>Header Files</Filter>
    </ClInclude>
    <ClInclude Include="jit\JIT.h">
      <Filter>Header Files</Filter>
    </ClInclude>
    <ClInclude Include="parser\JSParser.h">
      <Filter>Header Files</Filter>
    </ClInclude>
    <ClInclude Include="parser\Lexer.h">
      <Filter>Header Files</Filter>
    </ClInclude>
    <ClInclude Include="parser\Nodes.h">
      <Filter>Header Files</Filter>
    </ClInclude>
    <ClInclude Include="parser\Parser.h">
      <Filter>Header Files</Filter>
    </ClInclude>
    <ClInclude Include="parser\ParserArena.h">
      <Filter>Header Files</Filter>
    </ClInclude>
    <ClInclude Include="profiler\Profile.h">
      <Filter>Header Files</Filter>
    </ClInclude>
    <ClInclude Include="profiler\ProfileGenerator.h">
      <Filter>Header Files</Filter>
    </ClInclude>
    <ClInclude Include="profiler\ProfileNode.h">
      <Filter>Header Files</Filter>
    </ClInclude>
    <ClInclude Include="profiler\Profiler.h">
      <Filter>Header Files</Filter>
    </ClInclude>
    <ClInclude Include="runtime\UString.h">
      <Filter>Header Files</Filter>
    </ClInclude>
    <ClInclude Include="runtime\UStringImpl.h">
      <Filter>Header Files</Filter>
    </ClInclude>
    <ClInclude Include="runtime\ArgList.h">
      <Filter>Header Files</Filter>
    </ClInclude>
    <ClInclude Include="runtime\Arguments.h">
      <Filter>Header Files</Filter>
    </ClInclude>
    <ClInclude Include="runtime\ArrayConstructor.h">
      <Filter>Header Files</Filter>
    </ClInclude>
    <ClInclude Include="runtime\ArrayPrototype.h">
      <Filter>Header Files</Filter>
    </ClInclude>
    <ClInclude Include="runtime\BooleanConstructor.h">
      <Filter>Header Files</Filter>
    </ClInclude>
    <ClInclude Include="runtime\BooleanObject.h">
      <Filter>Header Files</Filter>
    </ClInclude>
    <ClInclude Include="runtime\BooleanPrototype.h">
      <Filter>Header Files</Filter>
    </ClInclude>
    <ClInclude Include="runtime\CallData.h">
      <Filter>Header Files</Filter>
    </ClInclude>
    <ClInclude Include="runtime\Collector.h">
      <Filter>Header Files</Filter>
    </ClInclude>
    <ClInclude Include="runtime\CommonIdentifiers.h">
      <Filter>Header Files</Filter>
    </ClInclude>
    <ClInclude Include="runtime\Completion.h">
      <Filter>Header Files</Filter>
    </ClInclude>
    <ClInclude Include="runtime\ConstructData.h">
      <Filter>Header Files</Filter>
    </ClInclude>
    <ClInclude Include="runtime\DateConstructor.h">
      <Filter>Header Files</Filter>
    </ClInclude>
    <ClInclude Include="runtime\DateConversion.h">
      <Filter>Header Files</Filter>
    </ClInclude>
    <ClInclude Include="runtime\DateInstance.h">
      <Filter>Header Files</Filter>
    </ClInclude>
    <ClInclude Include="runtime\DatePrototype.h">
      <Filter>Header Files</Filter>
    </ClInclude>
    <ClInclude Include="runtime\Error.h">
      <Filter>Header Files</Filter>
    </ClInclude>
    <ClInclude Include="runtime\ErrorConstructor.h">
      <Filter>Header Files</Filter>
    </ClInclude>
    <ClInclude Include="runtime\ErrorInstance.h">
      <Filter>Header Files</Filter>
    </ClInclude>
    <ClInclude Include="runtime\ErrorPrototype.h">
      <Filter>Header Files</Filter>
    </ClInclude>
    <ClInclude Include="runtime\ExceptionHelpers.h">
      <Filter>Header Files</Filter>
    </ClInclude>
    <ClInclude Include="runtime\Executable.h">
      <Filter>Header Files</Filter>
    </ClInclude>
    <ClInclude Include="runtime\FunctionConstructor.h">
      <Filter>Header Files</Filter>
    </ClInclude>
    <ClInclude Include="runtime\FunctionPrototype.h">
      <Filter>Header Files</Filter>
    </ClInclude>
    <ClInclude Include="runtime\GetterSetter.h">
      <Filter>Header Files</Filter>
    </ClInclude>
    <ClInclude Include="runtime\GlobalEvalFunction.h">
      <Filter>Header Files</Filter>
    </ClInclude>
    <ClInclude Include="runtime\Identifier.h">
      <Filter>Header Files</Filter>
    </ClInclude>
    <ClInclude Include="runtime\InitializeThreading.h">
      <Filter>Header Files</Filter>
    </ClInclude>
    <ClInclude Include="runtime\InternalFunction.h">
      <Filter>Header Files</Filter>
    </ClInclude>
    <ClInclude Include="runtime\JSActivation.h">
      <Filter>Header Files</Filter>
    </ClInclude>
    <ClInclude Include="runtime\JSArray.h">
      <Filter>Header Files</Filter>
    </ClInclude>
    <ClInclude Include="runtime\JSByteArray.h">
      <Filter>Header Files</Filter>
    </ClInclude>
    <ClInclude Include="runtime\JSCell.h">
      <Filter>Header Files</Filter>
    </ClInclude>
    <ClInclude Include="runtime\JSFunction.h">
      <Filter>Header Files</Filter>
    </ClInclude>
    <ClInclude Include="runtime\JSGlobalData.h">
      <Filter>Header Files</Filter>
    </ClInclude>
    <ClInclude Include="runtime\JSGlobalObject.h">
      <Filter>Header Files</Filter>
    </ClInclude>
    <ClInclude Include="runtime\JSGlobalObjectFunctions.h">
      <Filter>Header Files</Filter>
    </ClInclude>
    <ClInclude Include="runtime\JSImmediate.h">
      <Filter>Header Files</Filter>
    </ClInclude>
    <ClInclude Include="runtime\JSLock.h">
      <Filter>Header Files</Filter>
    </ClInclude>
    <ClInclude Include="runtime\JSNotAnObject.h">
      <Filter>Header Files</Filter>
    </ClInclude>
    <ClInclude Include="runtime\JSNumberCell.h">
      <Filter>Header Files</Filter>
    </ClInclude>
    <ClInclude Include="runtime\JSObject.h">
      <Filter>Header Files</Filter>
    </ClInclude>
    <ClInclude Include="runtime\JSObjectWithGlobalObject.h">
      <Filter>Header Files</Filter>
    </ClInclude>
    <ClInclude Include="runtime\JSONObject.h">
      <Filter>Header Files</Filter>
    </ClInclude>
    <ClInclude Include="runtime\JSPropertyNameIterator.h">
      <Filter>Header Files</Filter>
    </ClInclude>
    <ClInclude Include="runtime\JSStaticScopeObject.h">
      <Filter>Header Files</Filter>
    </ClInclude>
    <ClInclude Include="runtime\JSString.h">
      <Filter>Header Files</Filter>
    </ClInclude>
    <ClInclude Include="runtime\JSValue.h">
      <Filter>Header Files</Filter>
    </ClInclude>
    <ClInclude Include="runtime\JSVariableObject.h">
      <Filter>Header Files</Filter>
    </ClInclude>
    <ClInclude Include="runtime\LiteralParser.h">
      <Filter>Header Files</Filter>
    </ClInclude>
    <ClInclude Include="runtime\Lookup.h">
      <Filter>Header Files</Filter>
    </ClInclude>
    <ClInclude Include="runtime\MarkStack.h">
      <Filter>Header Files</Filter>
    </ClInclude>
    <ClInclude Include="runtime\MathObject.h">
      <Filter>Header Files</Filter>
    </ClInclude>
    <ClInclude Include="runtime\NativeErrorConstructor.h">
      <Filter>Header Files</Filter>
    </ClInclude>
    <ClInclude Include="runtime\NativeErrorPrototype.h">
      <Filter>Header Files</Filter>
    </ClInclude>
    <ClInclude Include="runtime\NumberConstructor.h">
      <Filter>Header Files</Filter>
    </ClInclude>
    <ClInclude Include="runtime\NumberObject.h">
      <Filter>Header Files</Filter>
    </ClInclude>
    <ClInclude Include="runtime\ObjectConstructor.h">
      <Filter>Header Files</Filter>
    </ClInclude>
    <ClInclude Include="runtime\ObjectPrototype.h">
      <Filter>Header Files</Filter>
    </ClInclude>
    <ClInclude Include="runtime\Operations.h">
      <Filter>Header Files</Filter>
    </ClInclude>
    <ClInclude Include="runtime\PropertyDescriptor.h">
      <Filter>Header Files</Filter>
    </ClInclude>
    <ClInclude Include="runtime\PropertyMapHashTable.h">
      <Filter>Header Files</Filter>
    </ClInclude>
    <ClInclude Include="runtime\PropertyNameArray.h">
      <Filter>Header Files</Filter>
    </ClInclude>
    <ClInclude Include="runtime\PropertySlot.h">
      <Filter>Header Files</Filter>
    </ClInclude>
    <ClInclude Include="runtime\PrototypeFunction.h">
      <Filter>Header Files</Filter>
    </ClInclude>
    <ClInclude Include="runtime\PutPropertySlot.h">
      <Filter>Header Files</Filter>
    </ClInclude>
    <ClInclude Include="runtime\RegExp.h">
      <Filter>Header Files</Filter>
    </ClInclude>
    <ClInclude Include="runtime\RegExpCache.h">
      <Filter>Header Files</Filter>
    </ClInclude>
    <ClInclude Include="runtime\RegExpConstructor.h">
      <Filter>Header Files</Filter>
    </ClInclude>
    <ClInclude Include="runtime\RegExpObject.h">
      <Filter>Header Files</Filter>
    </ClInclude>
    <ClInclude Include="runtime\RegExpPrototype.h">
      <Filter>Header Files</Filter>
    </ClInclude>
    <ClInclude Include="runtime\RopeImpl.h">
      <Filter>Header Files</Filter>
    </ClInclude>
    <ClInclude Include="runtime\ScopeChain.h">
      <Filter>Header Files</Filter>
    </ClInclude>
    <ClInclude Include="runtime\SmallStrings.h">
      <Filter>Header Files</Filter>
    </ClInclude>
    <ClInclude Include="runtime\StringConstructor.h">
      <Filter>Header Files</Filter>
    </ClInclude>
    <ClInclude Include="runtime\StringObject.h">
      <Filter>Header Files</Filter>
    </ClInclude>
    <ClInclude Include="runtime\StringPrototype.h">
      <Filter>Header Files</Filter>
    </ClInclude>
    <ClInclude Include="runtime\Structure.h">
      <Filter>Header Files</Filter>
    </ClInclude>
    <ClInclude Include="runtime\StructureChain.h">
      <Filter>Header Files</Filter>
    </ClInclude>
    <ClInclude Include="runtime\TimeoutChecker.h">
      <Filter>Header Files</Filter>
    </ClInclude>
    <ClInclude Include="wtf\Assertions.h">
      <Filter>Header Files</Filter>
    </ClInclude>
    <ClInclude Include="wtf\ByteArray.h">
      <Filter>Header Files</Filter>
    </ClInclude>
    <ClInclude Include="wtf\CurrentTime.h">
      <Filter>Header Files</Filter>
    </ClInclude>
    <ClInclude Include="wtf\DateMath.h">
      <Filter>Header Files</Filter>
    </ClInclude>
    <ClInclude Include="wtf\dtoa.h">
      <Filter>Header Files</Filter>
    </ClInclude>
    <ClInclude Include="wtf\FastMalloc.h">
      <Filter>Header Files</Filter>
    </ClInclude>
    <ClInclude Include="wtf\HashTable.h">
      <Filter>Header Files</Filter>
    </ClInclude>
    <ClInclude Include="wtf\MainThread.h">
      <Filter>Header Files</Filter>
    </ClInclude>
    <ClInclude Include="wtf\MD5.h">
      <Filter>Header Files</Filter>
    </ClInclude>
    <ClInclude Include="wtf\RandomNumber.h">
      <Filter>Header Files</Filter>
    </ClInclude>
    <ClInclude Include="wtf\RefCountedLeakCounter.h">
      <Filter>Header Files</Filter>
    </ClInclude>
    <ClInclude Include="wtf\text\CString.h">
      <Filter>Header Files</Filter>
    </ClInclude>
    <ClInclude Include="wtf\text\StringBuffer.h">
      <Filter>Header Files</Filter>
    </ClInclude>
    <ClInclude Include="wtf\text\StringBuilder.h">
      <Filter>Header Files</Filter>
    </ClInclude>
    <ClInclude Include="wtf\text\StringHash.h">
      <Filter>Header Files</Filter>
    </ClInclude>
    <ClInclude Include="wtf\text\StringImpl.h">
      <Filter>Header Files</Filter>
    </ClInclude>
    <ClInclude Include="wtf\text\StringImplBase.h">
      <Filter>Header Files</Filter>
    </ClInclude>
    <ClInclude Include="wtf\text\TextPosition.h">
      <Filter>Header Files</Filter>
    </ClInclude>
    <ClInclude Include="wtf\text\WTFString.h">
      <Filter>Header Files</Filter>
    </ClInclude>
    <ClInclude Include="wtf\text\AtomicString.h">
      <Filter>Header Files</Filter>
    </ClInclude>
    <ClInclude Include="wtf\text\AtomicStringImpl.h">
      <Filter>Header Files</Filter>
    </ClInclude>
    <ClInclude Include="wtf\ThreadIdentifierDataPthreads.h">
      <Filter>Header Files</Filter>
    </ClInclude>
    <ClInclude Include="wtf\Threading.h">
      <Filter>Header Files</Filter>
    </ClInclude>
    <ClInclude Include="wtf\ThreadSpecific.h">
      <Filter>Header Files</Filter>
    </ClInclude>
    <ClInclude Include="wtf\TypeTraits.h">
      <Filter>Header Files</Filter>
    </ClInclude>
    <ClInclude Include="wtf\WTFThreadData.h">
      <Filter>Header Files</Filter>
    </ClInclude>
    <ClInclude Include="wtf\unicode\Collator.h">
      <Filter>Header Files</Filter>
    </ClInclude>
    <ClInclude Include="wtf\unicode\Unicode.h">
      <Filter>Header Files</Filter>
    </ClInclude>
    <ClInclude Include="wtf\unicode\UTF8.h">
      <Filter>Header Files</Filter>
    </ClInclude>
    <ClInclude Include="wtf\unicode\icu\UnicodeIcu.h">
      <Filter>Header Files</Filter>
    </ClInclude>
    <ClInclude Include="runtime\JSStringJoiner.h">
      <Filter>Header Files</Filter>
    </ClInclude>
    <ClInclude Include="wtf\CheckedArithmetic.h">
      <Filter>Header Files</Filter>
    </ClInclude>
    <ClInclude Include="wtf\EnumClass.h">
      <Filter>Header Files</Filter>
    </ClInclude>
  </ItemGroup>
</Project>