
Microsoft Visual Studio Solution File, Format Version 11.00
# Visual Studio 2010
Project("{8BC9CEB8-8B4A-11D0-8D11-00A0C91BC942}") = "JavaScriptCore_FYMP_vs", "JavaScriptCore\JavaScriptCore_FYMP_vs.vcxproj", "{F53E158A-E0A6-C40E-FF3D-39FADE33E981}"
EndProject
Project("{8BC9CEB8-8B4A-11D0-8D11-00A0C91BC942}") = "WebCore_FYMP_vs", "WebCore\WebCore_FYMP_vs.vcxproj", "{FECE70DD-1E75-C85B-737D-1F05FD6A6A09}"
EndProject
Global
	GlobalSection(SolutionConfigurationPlatforms) = preSolution
		Debug|Win32 = Debug|Win32
		Release|Win32 = Release|Win32
	EndGlobalSection
	GlobalSection(ProjectConfigurationPlatforms) = postSolution
		{F53E158A-E0A6-C40E-FF3D-39FADE33E981}.Debug|Win32.ActiveCfg = Debug|Win32
		{F53E158A-E0A6-C40E-FF3D-39FADE33E981}.Debug|Win32.Build.0 = Debug|Win32
		{F53E158A-E0A6-C40E-FF3D-39FADE33E981}.Release|Win32.ActiveCfg = Release|Win32
		{F53E158A-E0A6-C40E-FF3D-39FADE33E981}.Release|Win32.Build.0 = Release|Win32
		{FECE70DD-1E75-C85B-737D-1F05FD6A6A09}.Debug|Win32.ActiveCfg = Debug|Win32
		{FECE70DD-1E75-C85B-737D-1F05FD6A6A09}.Debug|Win32.Build.0 = Debug|Win32
		{FECE70DD-1E75-C85B-737D-1F05FD6A6A09}.Release|Win32.ActiveCfg = Release|Win32
		{FECE70DD-1E75-C85B-737D-1F05FD6A6A09}.Release|Win32.Build.0 = Release|Win32
	EndGlobalSection
	GlobalSection(SolutionProperties) = preSolution
		HideSolutionNode = FALSE
	EndGlobalSection
EndGlobal
